
Microsoft Visual Studio Solution File, Format Version 12.00
# Visual Studio Version 17
VisualStudioVersion = 17.7.34202.233
MinimumVisualStudioVersion = 10.0.40219.1
Project("{9A19103F-16F7-4668-BE54-9A1E7A4F7556}") = "Console Calculator", "assignments\Console Calculator\Console Calculator.csproj", "{E4C53ADA-2144-4C45-8D80-E1604C27ED1D}"
EndProject
Project("{9A19103F-16F7-4668-BE54-9A1E7A4F7556}") = "TemperatureConverter", "classroom\TemperatureConverter\TemperatureConverter.csproj", "{6AB81A7C-7529-4071-95F8-6985919C2180}"
EndProject
Project("{9A19103F-16F7-4668-BE54-9A1E7A4F7556}") = "Age_Bracket_Determination", "classroom\Age_Bracket_Determination\Age_Bracket_Determination.csproj", "{1BDC251C-5688-4E27-807B-E91316838A01}"
EndProject
Project("{9A19103F-16F7-4668-BE54-9A1E7A4F7556}") = "Weekday_Or_Weekend", "classroom\Weekday_Or_Weekend\Weekday_Or_Weekend.csproj", "{DD8B451F-5283-4737-8E71-F5C12BD6AE85}"
EndProject
Project("{9A19103F-16F7-4668-BE54-9A1E7A4F7556}") = "Nth Fibonacci", "assignments\Nth Fibonacci\Nth Fibonacci.csproj", "{24C452C1-1BBB-486A-9393-0ACBB65DEBB2}"
EndProject
Project("{9A19103F-16F7-4668-BE54-9A1E7A4F7556}") = "Number Printer", "classroom\Number Printer\Number Printer.csproj", "{F18EA27D-8035-40B6-8743-B44FCDDCE173}"
EndProject
Project("{9A19103F-16F7-4668-BE54-9A1E7A4F7556}") = "Even Number Finder", "classroom\Even Number Finder\Even Number Finder.csproj", "{674741CD-E692-4225-B508-E38E0EBC1B34}"
EndProject
Project("{2150E333-8FDC-42A3-9474-1A3956D46DE8}") = "assignments", "assignments", "{A5DFFB73-D4D6-41EE-8A54-02C57DBEE43C}"
EndProject
Project("{2150E333-8FDC-42A3-9474-1A3956D46DE8}") = "classroom", "classroom", "{24302147-5A58-450F-91D6-C12DC10241D7}"
EndProject
Project("{9A19103F-16F7-4668-BE54-9A1E7A4F7556}") = "Binary Search", "assignments\Binary Search\Binary Search.csproj", "{D8629C5F-E0A2-4431-9FD2-37D479482AA6}"
EndProject
Project("{9A19103F-16F7-4668-BE54-9A1E7A4F7556}") = "Vowel or not", "assignments\Vowel or not\Vowel or not.csproj", "{FB1D1A9D-247E-467C-AE8E-DA54AF588E00}"
EndProject
Project("{9A19103F-16F7-4668-BE54-9A1E7A4F7556}") = "Discount Calculator", "classroom\Discount Calculator\Discount Calculator.csproj", "{97987F2B-EAB6-4749-BF59-D7AC0CDE0983}"
EndProject
Project("{9A19103F-16F7-4668-BE54-9A1E7A4F7556}") = "Day Planner", "classroom\Day Planner\Day Planner.csproj", "{7D3696CA-B1F8-4D7E-9044-65277A7421A5}"
EndProject
Project("{9A19103F-16F7-4668-BE54-9A1E7A4F7556}") = "Multiplication Table Generator", "classroom\Multiplication Table Generator\Multiplication Table Generator.csproj", "{85B4D59C-BE23-4B04-884A-E823E45961C2}"
EndProject
Project("{FAE04EC0-301F-11D3-BF4B-00C04F79EFBC}") = "Number to binary", "assignments\Number to binary\Number to binary.csproj", "{46602872-47D7-43A8-A09B-29B57970BF2A}"
EndProject
Global
	GlobalSection(SolutionConfigurationPlatforms) = preSolution
		Debug|Any CPU = Debug|Any CPU
		Release|Any CPU = Release|Any CPU
	EndGlobalSection
	GlobalSection(ProjectConfigurationPlatforms) = postSolution
		{E4C53ADA-2144-4C45-8D80-E1604C27ED1D}.Debug|Any CPU.ActiveCfg = Debug|Any CPU
		{E4C53ADA-2144-4C45-8D80-E1604C27ED1D}.Debug|Any CPU.Build.0 = Debug|Any CPU
		{E4C53ADA-2144-4C45-8D80-E1604C27ED1D}.Release|Any CPU.ActiveCfg = Release|Any CPU
		{E4C53ADA-2144-4C45-8D80-E1604C27ED1D}.Release|Any CPU.Build.0 = Release|Any CPU
		{6AB81A7C-7529-4071-95F8-6985919C2180}.Debug|Any CPU.ActiveCfg = Debug|Any CPU
		{6AB81A7C-7529-4071-95F8-6985919C2180}.Debug|Any CPU.Build.0 = Debug|Any CPU
		{6AB81A7C-7529-4071-95F8-6985919C2180}.Release|Any CPU.ActiveCfg = Release|Any CPU
		{6AB81A7C-7529-4071-95F8-6985919C2180}.Release|Any CPU.Build.0 = Release|Any CPU
		{1BDC251C-5688-4E27-807B-E91316838A01}.Debug|Any CPU.ActiveCfg = Debug|Any CPU
		{1BDC251C-5688-4E27-807B-E91316838A01}.Debug|Any CPU.Build.0 = Debug|Any CPU
		{1BDC251C-5688-4E27-807B-E91316838A01}.Release|Any CPU.ActiveCfg = Release|Any CPU
		{1BDC251C-5688-4E27-807B-E91316838A01}.Release|Any CPU.Build.0 = Release|Any CPU
		{DD8B451F-5283-4737-8E71-F5C12BD6AE85}.Debug|Any CPU.ActiveCfg = Debug|Any CPU
		{DD8B451F-5283-4737-8E71-F5C12BD6AE85}.Debug|Any CPU.Build.0 = Debug|Any CPU
		{DD8B451F-5283-4737-8E71-F5C12BD6AE85}.Release|Any CPU.ActiveCfg = Release|Any CPU
		{DD8B451F-5283-4737-8E71-F5C12BD6AE85}.Release|Any CPU.Build.0 = Release|Any CPU
		{24C452C1-1BBB-486A-9393-0ACBB65DEBB2}.Debug|Any CPU.ActiveCfg = Debug|Any CPU
		{24C452C1-1BBB-486A-9393-0ACBB65DEBB2}.Debug|Any CPU.Build.0 = Debug|Any CPU
		{24C452C1-1BBB-486A-9393-0ACBB65DEBB2}.Release|Any CPU.ActiveCfg = Release|Any CPU
		{24C452C1-1BBB-486A-9393-0ACBB65DEBB2}.Release|Any CPU.Build.0 = Release|Any CPU
		{F18EA27D-8035-40B6-8743-B44FCDDCE173}.Debug|Any CPU.ActiveCfg = Debug|Any CPU
		{F18EA27D-8035-40B6-8743-B44FCDDCE173}.Debug|Any CPU.Build.0 = Debug|Any CPU
		{F18EA27D-8035-40B6-8743-B44FCDDCE173}.Release|Any CPU.ActiveCfg = Release|Any CPU
		{F18EA27D-8035-40B6-8743-B44FCDDCE173}.Release|Any CPU.Build.0 = Release|Any CPU
		{674741CD-E692-4225-B508-E38E0EBC1B34}.Debug|Any CPU.ActiveCfg = Debug|Any CPU
		{674741CD-E692-4225-B508-E38E0EBC1B34}.Debug|Any CPU.Build.0 = Debug|Any CPU
		{674741CD-E692-4225-B508-E38E0EBC1B34}.Release|Any CPU.ActiveCfg = Release|Any CPU
		{674741CD-E692-4225-B508-E38E0EBC1B34}.Release|Any CPU.Build.0 = Release|Any CPU
		{D8629C5F-E0A2-4431-9FD2-37D479482AA6}.Debug|Any CPU.ActiveCfg = Debug|Any CPU
		{D8629C5F-E0A2-4431-9FD2-37D479482AA6}.Debug|Any CPU.Build.0 = Debug|Any CPU
		{D8629C5F-E0A2-4431-9FD2-37D479482AA6}.Release|Any CPU.ActiveCfg = Release|Any CPU
		{D8629C5F-E0A2-4431-9FD2-37D479482AA6}.Release|Any CPU.Build.0 = Release|Any CPU
		{FB1D1A9D-247E-467C-AE8E-DA54AF588E00}.Debug|Any CPU.ActiveCfg = Debug|Any CPU
		{FB1D1A9D-247E-467C-AE8E-DA54AF588E00}.Debug|Any CPU.Build.0 = Debug|Any CPU
		{FB1D1A9D-247E-467C-AE8E-DA54AF588E00}.Release|Any CPU.ActiveCfg = Release|Any CPU
		{FB1D1A9D-247E-467C-AE8E-DA54AF588E00}.Release|Any CPU.Build.0 = Release|Any CPU
		{97987F2B-EAB6-4749-BF59-D7AC0CDE0983}.Debug|Any CPU.ActiveCfg = Debug|Any CPU
		{97987F2B-EAB6-4749-BF59-D7AC0CDE0983}.Debug|Any CPU.Build.0 = Debug|Any CPU
		{97987F2B-EAB6-4749-BF59-D7AC0CDE0983}.Release|Any CPU.ActiveCfg = Release|Any CPU
		{97987F2B-EAB6-4749-BF59-D7AC0CDE0983}.Release|Any CPU.Build.0 = Release|Any CPU
		{7D3696CA-B1F8-4D7E-9044-65277A7421A5}.Debug|Any CPU.ActiveCfg = Debug|Any CPU
		{7D3696CA-B1F8-4D7E-9044-65277A7421A5}.Debug|Any CPU.Build.0 = Debug|Any CPU
		{7D3696CA-B1F8-4D7E-9044-65277A7421A5}.Release|Any CPU.ActiveCfg = Release|Any CPU
		{7D3696CA-B1F8-4D7E-9044-65277A7421A5}.Release|Any CPU.Build.0 = Release|Any CPU
		{85B4D59C-BE23-4B04-884A-E823E45961C2}.Debug|Any CPU.ActiveCfg = Debug|Any CPU
		{85B4D59C-BE23-4B04-884A-E823E45961C2}.Debug|Any CPU.Build.0 = Debug|Any CPU
		{85B4D59C-BE23-4B04-884A-E823E45961C2}.Release|Any CPU.ActiveCfg = Release|Any CPU
		{85B4D59C-BE23-4B04-884A-E823E45961C2}.Release|Any CPU.Build.0 = Release|Any CPU
		{46602872-47D7-43A8-A09B-29B57970BF2A}.Debug|Any CPU.ActiveCfg = Debug|Any CPU
		{46602872-47D7-43A8-A09B-29B57970BF2A}.Debug|Any CPU.Build.0 = Debug|Any CPU
		{46602872-47D7-43A8-A09B-29B57970BF2A}.Release|Any CPU.ActiveCfg = Release|Any CPU
		{46602872-47D7-43A8-A09B-29B57970BF2A}.Release|Any CPU.Build.0 = Release|Any CPU
	EndGlobalSection
	GlobalSection(SolutionProperties) = preSolution
		HideSolutionNode = FALSE
	EndGlobalSection
	GlobalSection(NestedProjects) = preSolution
		{E4C53ADA-2144-4C45-8D80-E1604C27ED1D} = {A5DFFB73-D4D6-41EE-8A54-02C57DBEE43C}
		{6AB81A7C-7529-4071-95F8-6985919C2180} = {24302147-5A58-450F-91D6-C12DC10241D7}
		{1BDC251C-5688-4E27-807B-E91316838A01} = {24302147-5A58-450F-91D6-C12DC10241D7}
		{DD8B451F-5283-4737-8E71-F5C12BD6AE85} = {24302147-5A58-450F-91D6-C12DC10241D7}
		{24C452C1-1BBB-486A-9393-0ACBB65DEBB2} = {A5DFFB73-D4D6-41EE-8A54-02C57DBEE43C}
		{F18EA27D-8035-40B6-8743-B44FCDDCE173} = {24302147-5A58-450F-91D6-C12DC10241D7}
		{674741CD-E692-4225-B508-E38E0EBC1B34} = {24302147-5A58-450F-91D6-C12DC10241D7}
		{D8629C5F-E0A2-4431-9FD2-37D479482AA6} = {A5DFFB73-D4D6-41EE-8A54-02C57DBEE43C}
		{FB1D1A9D-247E-467C-AE8E-DA54AF588E00} = {A5DFFB73-D4D6-41EE-8A54-02C57DBEE43C}
		{97987F2B-EAB6-4749-BF59-D7AC0CDE0983} = {24302147-5A58-450F-91D6-C12DC10241D7}
		{7D3696CA-B1F8-4D7E-9044-65277A7421A5} = {24302147-5A58-450F-91D6-C12DC10241D7}
		{85B4D59C-BE23-4B04-884A-E823E45961C2} = {24302147-5A58-450F-91D6-C12DC10241D7}
		{46602872-47D7-43A8-A09B-29B57970BF2A} = {A5DFFB73-D4D6-41EE-8A54-02C57DBEE43C}
	EndGlobalSection
	GlobalSection(ExtensibilityGlobals) = postSolution
		SolutionGuid = {D120D228-82DE-483C-98CC-3FD80FCD7914}
	EndGlobalSection
EndGlobal
